# THIS IS AN AUTOGENERATED FILE. DO NOT EDIT THIS FILE DIRECTLY.
# yarn lockfile v1


"a-sync-waterfall@^1.0.0":
  "integrity" "sha1-dba2qnJZi0l6El56J3DxT0yKH6c="
  "resolved" "https://npm.uino.cn/a-sync-waterfall/-/a-sync-waterfall-1.0.1.tgz"
  "version" "1.0.1"

"abbrev@^1.1.1":
  "integrity" "sha512-nne9/IiQ/hzIhY6pdDnbBtz7DjPTKrY00P/zvPSm5pOFkl6xuGrGnXn/VtTNNfNtAfZ9/1RtehkszU9qcTii0Q=="
  "resolved" "https://npm.uino.cn/abbrev/-/abbrev-1.1.1.tgz"
  "version" "1.1.1"

"accepts@~1.3.5":
  "integrity" "sha512-PYAthTa2m2VKxuvSD3DPC/Gy+U+sOA1LAuT8mkmRuvw+NACSaeXEQ+NHcVF7rONl6qcaxV3Uuemwawk+7+SJLw=="
  "resolved" "https://npm.uino.cn/accepts/-/accepts-1.3.8.tgz"
  "version" "1.3.8"
  dependencies:
    "mime-types" "~2.1.34"
    "negotiator" "0.6.3"

"amdefine@>=0.0.4":
  "integrity" "sha1-SlKCrBZHKek2Gbz9OtFR+BfOkfU="
  "resolved" "https://npm.uino.cn/amdefine/-/amdefine-1.0.1.tgz"
  "version" "1.0.1"

"ansi-regex@^5.0.1":
  "integrity" "sha1-CCyyyJyf6GWaMRpTvWpNxTAdswQ="
  "resolved" "https://npm.uino.cn/ansi-regex/-/ansi-regex-5.0.1.tgz"
  "version" "5.0.1"

"ansi-styles@^3.2.1":
  "integrity" "sha512-VT0ZI6kZRdTh8YyJw3SMbYm/u+NqfsAxEpWO0Pf9sq8/e94WxxOpPKx9FR1FlyCtOVDNOQ+8ntlqFxiRc+r5qA=="
  "resolved" "https://npm.uino.cn/ansi-styles/-/ansi-styles-3.2.1.tgz"
  "version" "3.2.1"
  dependencies:
    "color-convert" "^1.9.0"

"ansi-styles@^4.1.0":
  "integrity" "sha1-7dgDYornHATIWuegkG7a00tkiTc="
  "resolved" "https://npm.uino.cn/ansi-styles/-/ansi-styles-4.3.0.tgz"
  "version" "4.3.0"
  dependencies:
    "color-convert" "^2.0.1"

"anymatch@~3.1.2":
  "integrity" "sha1-wFV8CWrzLxBhmPT04qODU343hxY="
  "resolved" "https://npm.uino.cn/anymatch/-/anymatch-3.1.2.tgz"
  "version" "3.1.2"
  dependencies:
    "normalize-path" "^3.0.0"
    "picomatch" "^2.0.4"

"archy@^1.0.0":
  "integrity" "sha1-+cjBN1fMHde8N5rHeyxipcKGjEA="
  "resolved" "https://npm.uino.cn/archy/-/archy-1.0.0.tgz"
  "version" "1.0.0"

"argparse@^1.0.7":
  "integrity" "sha512-o5Roy6tNG4SL/FOkCAN6RzjiakZS25RLYFrcMttJqbdd8BWrnA+fGz57iN5Pb06pvBGvl5gQ0B48dJlslXvoTg=="
  "resolved" "https://npm.uino.cn/argparse/-/argparse-1.0.10.tgz"
  "version" "1.0.10"
  dependencies:
    "sprintf-js" "~1.0.2"

"argparse@^2.0.1":
  "integrity" "sha1-JG9Q88p4oyQPbJl+ipvR6sSeSzg="
  "resolved" "https://npm.uino.cn/argparse/-/argparse-2.0.1.tgz"
  "version" "2.0.1"

"asap@^2.0.3":
  "integrity" "sha1-5QNHYR1+aQlDIIu9r+vLwvuGbUY="
  "resolved" "https://npm.uino.cn/asap/-/asap-2.0.6.tgz"
  "version" "2.0.6"

"async@0.9.x":
  "integrity" "sha1-rqdNXmHB+JlhO/ZL2mbUx48v0X0="
  "resolved" "https://npm.uino.cn/async/-/async-0.9.2.tgz"
  "version" "0.9.2"

"atob@^2.1.2":
  "integrity" "sha512-Wm6ukoaOGJi/73p/cl2GvLjTI5JM1k/O14isD73YML8StrH/7/lRFgmg8nICZgD3bZZvjwCGxtMOD3wWNAu8cg=="
  "resolved" "https://npm.uino.cn/atob/-/atob-2.1.2.tgz"
  "version" "2.1.2"

"balanced-match@^1.0.0":
  "integrity" "sha1-6D46fj8wCzTLnYf2FfoMvzV2kO4="
  "resolved" "https://npm.uino.cn/balanced-match/-/balanced-match-1.0.2.tgz"
  "version" "1.0.2"

"basic-auth@~2.0.1":
  "integrity" "sha512-NF+epuEdnUYVlGuhaxbbq+dvJttwLnGY+YixlXlME5KpQ5W3CnXA5cVTneY3SPbPDRkcjMbifrwmFYcClgOZeg=="
  "resolved" "https://npm.uino.cn/basic-auth/-/basic-auth-2.0.1.tgz"
  "version" "2.0.1"
  dependencies:
    "safe-buffer" "5.1.2"

"binary-extensions@^2.0.0":
  "integrity" "sha1-dfUC7q+f/eQvyYgpZFvk6na9ni0="
  "resolved" "https://npm.uino.cn/binary-extensions/-/binary-extensions-2.2.0.tgz"
  "version" "2.2.0"

"bluebird@^3.2.2", "bluebird@^3.4.0", "bluebird@^3.5.0", "bluebird@^3.5.1", "bluebird@^3.5.2", "bluebird@^3.5.5":
  "integrity" "sha512-XpNj6GDQzdfW+r2Wnn7xiSAd7TM3jzkxGXBGTtWKuSXv1xUV+azxAm8jdWZN06QTQk+2N2XB9jRDkvbmQmcRtg=="
  "resolved" "https://npm.uino.cn/bluebird/-/bluebird-3.7.2.tgz"
  "version" "3.7.2"

"brace-expansion@^1.1.7":
  "integrity" "sha512-iCuPHDFgrHX7H2vEI/5xpz07zSHB00TpugqhmYtVmMO6518mCuRMoOYFldEBl0g187ufozdaHgWKcYFb61qGiA=="
  "resolved" "https://npm.uino.cn/brace-expansion/-/brace-expansion-1.1.11.tgz"
  "version" "1.1.11"
  dependencies:
    "balanced-match" "^1.0.0"
    "concat-map" "0.0.1"

"braces@^3.0.1", "braces@~3.0.2":
  "integrity" "sha512-b8um+L1RzM3WDSzvhm6gIz1yfTbBt6YTlcEKAvsmqCZZFw46z626lVj9j1yEPW33H5H+lBQpZMP1k8l+78Ha0A=="
  "resolved" "https://npm.uino.cn/braces/-/braces-3.0.2.tgz"
  "version" "3.0.2"
  dependencies:
    "fill-range" "^7.0.1"

"bytes@3.0.0":
  "integrity" "sha1-0ygVQE1olpn4Wk6k+odV3ROpYEg="
  "resolved" "https://npm.uino.cn/bytes/-/bytes-3.0.0.tgz"
  "version" "3.0.0"

"camel-case@^3.0.0":
  "integrity" "sha512-+MbKztAYHXPr1jNTSKQF52VpcFjwY5RkR7fxksV8Doo4KAYc5Fl4UJRgthBbTmEx8C54DqahhbLJkDwjI3PI/w=="
  "resolved" "https://registry.npmjs.org/camel-case/-/camel-case-3.0.0.tgz"
  "version" "3.0.0"
  dependencies:
    "no-case" "^2.2.0"
    "upper-case" "^1.1.1"

"camel-case@^4.0.0":
  "integrity" "sha1-lygHKpVPgFIoIlpt7qazhGHhvVo="
  "resolved" "https://npm.uino.cn/camel-case/-/camel-case-4.1.2.tgz"
  "version" "4.1.2"
  dependencies:
    "pascal-case" "^3.1.2"
    "tslib" "^2.0.3"

"chalk@^2.4.2":
  "integrity" "sha512-Mti+f9lpJNcwF4tWV8/OrTTtF1gZi+f8FqlyAdouralcFWFQWF2+NgCHShjkCb+IFBLq9buZwE1xckQU4peSuQ=="
  "resolved" "https://npm.uino.cn/chalk/-/chalk-2.4.2.tgz"
  "version" "2.4.2"
  dependencies:
    "ansi-styles" "^3.2.1"
    "escape-string-regexp" "^1.0.5"
    "supports-color" "^5.3.0"

"chalk@^4.0.0":
  "integrity" "sha1-qsTit3NKdAhnrrFr8CqtVWoeegE="
  "resolved" "https://npm.uino.cn/chalk/-/chalk-4.1.2.tgz"
  "version" "4.1.2"
  dependencies:
    "ansi-styles" "^4.1.0"
    "supports-color" "^7.1.0"

"chokidar@^3.0.0", "chokidar@^3.3.0":
  "integrity" "sha512-Dr3sfKRP6oTcjf2JmUmFJfeVMvXBdegxB0iVQ5eb2V10uFJUCAS8OByZdVAyVb8xXNz3GjjTgj9kLWsZTqE6kw=="
  "resolved" "https://npm.uino.cn/chokidar/-/chokidar-3.5.3.tgz"
  "version" "3.5.3"
  dependencies:
    "anymatch" "~3.1.2"
    "braces" "~3.0.2"
    "glob-parent" "~5.1.2"
    "is-binary-path" "~2.1.0"
    "is-glob" "~4.0.1"
    "normalize-path" "~3.0.0"
    "readdirp" "~3.6.0"
  optionalDependencies:
    "fsevents" "~2.3.2"

"color-convert@^1.9.0":
  "integrity" "sha512-QfAUtd+vFdAtFQcC8CCyYt1fYWxSqAiK2cSD6zDB8N3cpsEBAvRxp9zOGg6G/SHHJYAT88/az/IuDGALsNVbGg=="
  "resolved" "https://npm.uino.cn/color-convert/-/color-convert-1.9.3.tgz"
  "version" "1.9.3"
  dependencies:
    "color-name" "1.1.3"

"color-convert@^2.0.1":
  "integrity" "sha512-RRECPsj7iu/xb5oKYcsFHSppFNnsj/52OVTRKb4zP5onXwVF3zVmmToNcOfGC+CRDpfK/U584fMg38ZHCaElKQ=="
  "resolved" "https://npm.uino.cn/color-convert/-/color-convert-2.0.1.tgz"
  "version" "2.0.1"
  dependencies:
    "color-name" "~1.1.4"

"color-name@~1.1.4":
  "integrity" "sha512-dOy+3AuW3a2wNbZHIuMZpTcgjGuLU/uBL/ubcZF9OXbDo8ff4O8yVp5Bf0efS8uEoYo5q4Fx7dY9OgQGXgAsQA=="
  "resolved" "https://npm.uino.cn/color-name/-/color-name-1.1.4.tgz"
  "version" "1.1.4"

"color-name@1.1.3":
  "integrity" "sha1-p9BVi9icQveV3UIyj3QIMcpTvCU="
  "resolved" "https://npm.uino.cn/color-name/-/color-name-1.1.3.tgz"
  "version" "1.1.3"

"command-exists@^1.2.8":
  "integrity" "sha1-xQclrzgIyKsCYP1gsB+/oluVT2k="
  "resolved" "https://npm.uino.cn/command-exists/-/command-exists-1.2.9.tgz"
  "version" "1.2.9"

"commander@^5.1.0":
  "integrity" "sha512-P0CysNDQ7rtVw4QIQtm+MRxV66vKFSvlsQvGYXZWR3qFU0jlMKHZZZgw8e+8DSah4UDKMqnknRDQz+xuQXQ/Zg=="
  "resolved" "https://npm.uino.cn/commander/-/commander-5.1.0.tgz"
  "version" "5.1.0"

"compressible@~2.0.16":
  "integrity" "sha512-AF3r7P5dWxL8MxyITRMlORQNaOA2IkAFaTr4k7BUumjPtRpGDTZpl0Pb1XCO6JeDCBdp126Cgs9sMxqSjgYyRg=="
  "resolved" "https://npm.uino.cn/compressible/-/compressible-2.0.18.tgz"
  "version" "2.0.18"
  dependencies:
    "mime-db" ">= 1.43.0 < 2"

"compression@^1.7.4":
  "integrity" "sha512-jaSIDzP9pZVS4ZfQ+TzvtiWhdpFhE2RDHz8QJkpX9SIpLq88VueF5jJw6t+6CUQcAoA6t+x89MLrWAqpfDE8iQ=="
  "resolved" "https://npm.uino.cn/compression/-/compression-1.7.4.tgz"
  "version" "1.7.4"
  dependencies:
    "accepts" "~1.3.5"
    "bytes" "3.0.0"
    "compressible" "~2.0.16"
    "debug" "2.6.9"
    "on-headers" "~1.0.2"
    "safe-buffer" "5.1.2"
    "vary" "~1.1.2"

"concat-map@0.0.1":
  "integrity" "sha1-2Klr13/Wjfd5OnMDajug1UBdR3s="
  "resolved" "https://npm.uino.cn/concat-map/-/concat-map-0.0.1.tgz"
  "version" "0.0.1"

"connect@^3.7.0":
  "integrity" "sha512-ZqRXc+tZukToSNmh5C2iWMSoV3X1YUcPbqEM4DkEG5tNQXrQUZCNVGGv3IuicnkMtPfGf3Xtp8WCXs295iQ1pQ=="
  "resolved" "https://npm.uino.cn/connect/-/connect-3.7.0.tgz"
  "version" "3.7.0"
  dependencies:
    "debug" "2.6.9"
    "finalhandler" "1.1.2"
    "parseurl" "~1.3.3"
    "utils-merge" "1.0.1"

"cross-spawn@^4.0.0":
  "integrity" "sha512-yAXz/pA1tD8Gtg2S98Ekf/sewp3Lcp3YoFKJ4Hkp5h5yLWnKVTDU0kwjKJ8NDCYcfTLfyGkzTikst+jWypT1iA=="
  "resolved" "https://registry.npmjs.org/cross-spawn/-/cross-spawn-4.0.2.tgz"
  "version" "4.0.2"
  dependencies:
    "lru-cache" "^4.0.1"
    "which" "^1.2.9"

"cross-spawn@^7.0.0":
  "integrity" "sha512-iRDPJKUPVEND7dHPO8rkbOnPpyDygcDFtWjpeWNCgy8WP2rXcxXL8TskReQl6OrB2G7+UJrags1q15Fudc7G6w=="
  "resolved" "https://npm.uino.cn/cross-spawn/-/cross-spawn-7.0.3.tgz"
  "version" "7.0.3"
  dependencies:
    "path-key" "^3.1.0"
    "shebang-command" "^2.0.0"
    "which" "^2.0.1"

"css-parse@~2.0.0":
  "integrity" "sha1-pGjuZnwW2BzPBcWMONKpfHgNv9Q="
  "resolved" "https://npm.uino.cn/css-parse/-/css-parse-2.0.0.tgz"
  "version" "2.0.0"
  dependencies:
    "css" "^2.0.0"

"css-parse@1.7.x":
  "integrity" "sha1-Mh9s9zeCpv91ERE5D8BeLGV9jJs="
  "resolved" "https://npm.uino.cn/css-parse/-/css-parse-1.7.0.tgz"
  "version" "1.7.0"

"css@^2.0.0":
  "integrity" "sha512-oUnjmWpy0niI3x/mPL8dVEI1l7MnG3+HHyRPHf+YFSbK+svOhXpmSOcDURUh2aOCgl2grzrOPt1nHLuCVFULLw=="
  "resolved" "https://npm.uino.cn/css/-/css-2.2.4.tgz"
  "version" "2.2.4"
  dependencies:
    "inherits" "^2.0.3"
    "source-map" "^0.6.1"
    "source-map-resolve" "^0.5.2"
    "urix" "^0.1.0"

"cuid@^2.1.4":
  "integrity" "sha1-y7iPlUFx4NV0dgbAE5+2XFEB6sA="
  "resolved" "https://npm.uino.cn/cuid/-/cuid-2.1.8.tgz"
  "version" "2.1.8"

"debug@*":
  "integrity" "sha512-/zxw5+vh1Tfv+4Qn7a5nsbcJKPaSvCDhojn6FEl9vupwK2VCSDtEiEtqr8DFtzYFOdz63LBkxec7DYuc2jon6Q=="
  "resolved" "https://npm.uino.cn/debug/-/debug-4.3.3.tgz"
  "version" "4.3.3"
  dependencies:
    "ms" "2.1.2"

"debug@~3.1.0":
  "integrity" "sha512-OX8XqP7/1a9cqkxYw2yXss15f26NKWBpDXQd0/uK/KPqdQhxbPa994hnzjcE2VqQpDslf55723cKPUOGSmMY3g=="
  "resolved" "https://npm.uino.cn/debug/-/debug-3.1.0.tgz"
  "version" "3.1.0"
  dependencies:
    "ms" "2.0.0"

"debug@2.6.9":
  "integrity" "sha512-bC7ElrdJaJnPbAP+1EotYvqZsb3ecl5wi6Bfi6BJTUcNowp6cvspg0jXznRTKDjm/E7AdgFBVeAPVMNcKGsHMA=="
  "resolved" "https://npm.uino.cn/debug/-/debug-2.6.9.tgz"
  "version" "2.6.9"
  dependencies:
    "ms" "2.0.0"

"decode-uri-component@^0.2.0":
  "integrity" "sha1-6zkTMzRYd1y4TNGh+uBiEGu4dUU="
  "resolved" "https://npm.uino.cn/decode-uri-component/-/decode-uri-component-0.2.0.tgz"
  "version" "0.2.0"

"deepmerge@^4.2.2":
  "integrity" "sha512-FJ3UgI4gIl+PHZm53knsuSFpE+nESMr7M4v9QcgB7S63Kj/6WqMiFQJpBBYz1Pt+66bZpP3Q7Lye0Oo9MPKEdg=="
  "resolved" "https://npm.uino.cn/deepmerge/-/deepmerge-4.2.2.tgz"
  "version" "4.2.2"

"define-lazy-prop@^2.0.0":
  "integrity" "sha1-P3rkIRKbyqrJvHSQXJigAJ7J7n8="
  "resolved" "https://npm.uino.cn/define-lazy-prop/-/define-lazy-prop-2.0.0.tgz"
  "version" "2.0.0"

"depd@~1.1.2":
  "integrity" "sha1-m81S4UwJd2PnSbJ0xDRu0uVgtak="
  "resolved" "https://npm.uino.cn/depd/-/depd-1.1.2.tgz"
  "version" "1.1.2"

"depd@~2.0.0":
  "integrity" "sha512-g7nH6P6dyDioJogAAGprGpCtVImJhpPk/roCzdb3fIh61/s/nPsfR6onyMwkCAR/OlC3yBC0lESvUoQEAssIrw=="
  "resolved" "https://npm.uino.cn/depd/-/depd-2.0.0.tgz"
  "version" "2.0.0"

"destroy@~1.0.4":
  "integrity" "sha1-l4hXRCxEdJ5CBmE+N5RiBYJqvYA="
  "resolved" "https://npm.uino.cn/destroy/-/destroy-1.0.4.tgz"
  "version" "1.0.4"

"dom-serializer@^1.0.1":
  "integrity" "sha1-YgZDfTLO767HFhgDIwx6ILwbTZE="
  "resolved" "https://npm.uino.cn/dom-serializer/-/dom-serializer-1.3.2.tgz"
  "version" "1.3.2"
  dependencies:
    "domelementtype" "^2.0.1"
    "domhandler" "^4.2.0"
    "entities" "^2.0.0"

"domelementtype@^2.0.1", "domelementtype@^2.2.0":
  "integrity" "sha1-mgtsJ4LtahxzI9QiZxg9+b2LHVc="
  "resolved" "https://npm.uino.cn/domelementtype/-/domelementtype-2.2.0.tgz"
  "version" "2.2.0"

"domhandler@^4.2.0", "domhandler@^4.2.2":
  "integrity" "sha512-fC0aXNQXqKSFTr2wDNZDhsEYjCiYsDWl3D01kwt25hm1YIPyDGHvvi3rw+PLqHAl/m71MaiF7d5zvBr0p5UB2g=="
  "resolved" "https://npm.uino.cn/domhandler/-/domhandler-4.3.0.tgz"
  "version" "4.3.0"
  dependencies:
    "domelementtype" "^2.2.0"

"domutils@^2.8.0":
  "integrity" "sha1-RDfe9dtuLR9dbuhZvZXKfQIEgTU="
  "resolved" "https://npm.uino.cn/domutils/-/domutils-2.8.0.tgz"
  "version" "2.8.0"
  dependencies:
    "dom-serializer" "^1.0.1"
    "domelementtype" "^2.2.0"
    "domhandler" "^4.2.0"

"ee-first@1.1.1":
  "integrity" "sha1-WQxhFWsK4vTwJVcyoViyZrxWsh0="
  "resolved" "https://npm.uino.cn/ee-first/-/ee-first-1.1.1.tgz"
  "version" "1.1.1"

"ejs@^3.1.6":
  "integrity" "sha1-W/0KBol0O7UmizVQzO7rvBcCgio="
  "resolved" "https://npm.uino.cn/ejs/-/ejs-3.1.6.tgz"
  "version" "3.1.6"
  dependencies:
    "jake" "^10.6.1"

"encodeurl@~1.0.2":
  "integrity" "sha1-rT/0yG7C0CkyL1oCw6mmBslbP1k="
  "resolved" "https://npm.uino.cn/encodeurl/-/encodeurl-1.0.2.tgz"
  "version" "1.0.2"

"entities@^2.0.0":
  "integrity" "sha1-CY3JDruD2N/6CJ1VJWs1HTTE2lU="
  "resolved" "https://npm.uino.cn/entities/-/entities-2.2.0.tgz"
  "version" "2.2.0"

"entities@^3.0.1":
  "integrity" "sha1-K4h8piWF6W2zkDSC0zbBAGwwAdQ="
  "resolved" "https://npm.uino.cn/entities/-/entities-3.0.1.tgz"
  "version" "3.0.1"

"escape-html@~1.0.3":
  "integrity" "sha1-Aljq5NPQwJdN4cFpGI7wBR0dGYg="
  "resolved" "https://npm.uino.cn/escape-html/-/escape-html-1.0.3.tgz"
  "version" "1.0.3"

"escape-string-regexp@^1.0.5":
  "integrity" "sha1-G2HAViGQqN/2rjuyzwIAyhMLhtQ="
  "resolved" "https://npm.uino.cn/escape-string-regexp/-/escape-string-regexp-1.0.5.tgz"
  "version" "1.0.5"

"esprima@^4.0.0":
  "integrity" "sha512-eGuFFw7Upda+g4p+QHvnW0RyTX/SVeJBDM/gCtMARO0cLuT2HcEKnTPvhjV6aGeqrCB/sbNop0Kszm0jsaWU4A=="
  "resolved" "https://npm.uino.cn/esprima/-/esprima-4.0.1.tgz"
  "version" "4.0.1"

"etag@~1.8.1":
  "integrity" "sha1-Qa4u62XvpiJorr/qg6x9eSmbCIc="
  "resolved" "https://npm.uino.cn/etag/-/etag-1.8.1.tgz"
  "version" "1.8.1"

"fast-equals@^2.0.1":
  "integrity" "sha512-caj/ZmjHljPrZtbzJ3kfH5ia/k4mTJe/qSiXAGzxZWRZgsgDV0cvNaQULqUX8t0/JVlzzEdYOwCN5DmzTxoD4w=="
  "resolved" "https://npm.uino.cn/fast-equals/-/fast-equals-2.0.4.tgz"
  "version" "2.0.4"

"filelist@^1.0.1":
  "integrity" "sha1-gCAvIUYtTRwuIUEZsYB8G8A4Dls="
  "resolved" "https://npm.uino.cn/filelist/-/filelist-1.0.2.tgz"
  "version" "1.0.2"
  dependencies:
    "minimatch" "^3.0.4"

"fill-range@^7.0.1":
  "integrity" "sha512-qOo9F+dMUmC2Lcb4BbVvnKJxTPjCm+RRpe4gDuGrzkL7mEVl/djYSu2OdQ2Pa302N4oqkSg9ir6jaLWJ2USVpQ=="
  "resolved" "https://npm.uino.cn/fill-range/-/fill-range-7.0.1.tgz"
  "version" "7.0.1"
  dependencies:
    "to-regex-range" "^5.0.1"

"finalhandler@1.1.2":
  "integrity" "sha512-aAWcW57uxVNrQZqFXjITpW3sIUQmHGG3qSb9mUah9MgMC4NeWhNOlNjXEYq3HjRAvL6arUviZGGJsBg6z0zsWA=="
  "resolved" "https://npm.uino.cn/finalhandler/-/finalhandler-1.1.2.tgz"
  "version" "1.1.2"
  dependencies:
    "debug" "2.6.9"
    "encodeurl" "~1.0.2"
    "escape-html" "~1.0.3"
    "on-finished" "~2.3.0"
    "parseurl" "~1.3.3"
    "statuses" "~1.5.0"
    "unpipe" "~1.0.0"

"fresh@0.5.2":
  "integrity" "sha1-PYyt2Q2XZWn6g1qx+OSyOhBWBac="
  "resolved" "https://npm.uino.cn/fresh/-/fresh-0.5.2.tgz"
  "version" "0.5.2"

"fs.realpath@^1.0.0":
  "integrity" "sha1-FQStJSMVjKpA20onh8sBQRmU6k8="
  "resolved" "https://npm.uino.cn/fs.realpath/-/fs.realpath-1.0.0.tgz"
  "version" "1.0.0"

"function-bind@^1.1.1":
  "integrity" "sha512-yIovAzMX49sF8Yl58fSCWJ5svSLuaibPxXQJFLmBObTuCr0Mf1KiPopGM9NiFjiYBCbfaa2Fh6breQ6ANVTI0A=="
  "resolved" "https://npm.uino.cn/function-bind/-/function-bind-1.1.1.tgz"
  "version" "1.1.1"

"get-stdin@^4.0.1":
  "integrity" "sha512-F5aQMywwJ2n85s4hJPTT9RPxGmubonuB10MNYo17/xph174n2MIR33HRguhzVag10O/npM7SPk73LMZNP+FaWw=="
  "resolved" "https://registry.npmjs.org/get-stdin/-/get-stdin-4.0.1.tgz"
  "version" "4.0.1"

"glob-parent@~5.1.2":
  "integrity" "sha1-hpgyxYA0/mikCTwX3BXoNA2EAcQ="
  "resolved" "https://npm.uino.cn/glob-parent/-/glob-parent-5.1.2.tgz"
  "version" "5.1.2"
  dependencies:
    "is-glob" "^4.0.1"

"glob@^7.1.6":
  "integrity" "sha1-0VU1r3cy4C6Uj0xBYovZECk/YCM="
  "resolved" "https://npm.uino.cn/glob/-/glob-7.2.0.tgz"
  "version" "7.2.0"
  dependencies:
    "fs.realpath" "^1.0.0"
    "inflight" "^1.0.4"
    "inherits" "2"
    "minimatch" "^3.0.4"
    "once" "^1.3.0"
    "path-is-absolute" "^1.0.0"

"glob@7.0.x":
  "integrity" "sha1-IRuvr0nlJbjNkyYNFKsTYVKz9Xo="
  "resolved" "https://npm.uino.cn/glob/-/glob-7.0.6.tgz"
  "version" "7.0.6"
  dependencies:
    "fs.realpath" "^1.0.0"
    "inflight" "^1.0.4"
    "inherits" "2"
    "minimatch" "^3.0.2"
    "once" "^1.3.0"
    "path-is-absolute" "^1.0.0"

"graceful-fs@^4.1.11", "graceful-fs@^4.1.3":
  "integrity" "sha512-NtNxqUcXgpW2iMrfqSfR73Glt39K+BLwWsPs94yR63v45T0Wbej7eRmL5cWfwEgqXnmjQp3zaJTshdRW/qC2ZQ=="
  "resolved" "https://npm.uino.cn/graceful-fs/-/graceful-fs-4.2.9.tgz"
  "version" "4.2.9"

"has-flag@^3.0.0":
  "integrity" "sha1-tdRU3CGZriJWmfNGfloH87lVuv0="
  "resolved" "https://npm.uino.cn/has-flag/-/has-flag-3.0.0.tgz"
  "version" "3.0.0"

"has-flag@^4.0.0":
  "integrity" "sha512-EykJT/Q1KjTWctppgIAgfSO0tKVuZUjhgMr17kqTumMl6Afv3EISleU7qZUzoXDFTAHTDC4NOoG/ZxU3EvlMPQ=="
  "resolved" "https://npm.uino.cn/has-flag/-/has-flag-4.0.0.tgz"
  "version" "4.0.0"

"has@^1.0.3":
  "integrity" "sha512-f2dvO0VU6Oej7RkWJGrehjbzMAjFp5/VKPp5tTpWIV4JHHZK1/BxbFRtf/siA2SWTe09caDmVtYYzWEIbBS4zw=="
  "resolved" "https://npm.uino.cn/has/-/has-1.0.3.tgz"
  "version" "1.0.3"
  dependencies:
    "function-bind" "^1.1.1"

"hexo-cli@^4.0.0":
  "integrity" "sha1-S7K/EaMPrmAfL1OsDLgz/uMYdkk="
  "resolved" "https://npm.uino.cn/hexo-cli/-/hexo-cli-4.3.0.tgz"
  "version" "4.3.0"
  dependencies:
    "abbrev" "^1.1.1"
    "bluebird" "^3.5.5"
    "chalk" "^4.0.0"
    "command-exists" "^1.2.8"
    "hexo-fs" "^3.0.1"
    "hexo-log" "^2.0.0"
    "hexo-util" "^2.0.0"
    "minimist" "^1.2.5"
    "resolve" "^1.11.0"
    "tildify" "^2.0.0"

"hexo-deployer-git@^3.0.0":
  "integrity" "sha1-2oL3o0Rd8rITkm3I0DC6VJm2jPM="
  "resolved" "https://npm.uino.cn/hexo-deployer-git/-/hexo-deployer-git-3.0.0.tgz"
  "version" "3.0.0"
  dependencies:
    "bluebird" "^3.5.0"
    "chalk" "^4.0.0"
    "hexo-fs" "^3.0.1"
    "hexo-util" "^2.1.0"
    "moment" "^2.18.0"
    "nunjucks" "^3.2.1"

"hexo-front-matter@^2.0.0":
  "integrity" "sha1-A/Oanu2xbFRI27O+x9/yxOIkAGw="
  "resolved" "https://npm.uino.cn/hexo-front-matter/-/hexo-front-matter-2.0.0.tgz"
  "version" "2.0.0"
  dependencies:
    "js-yaml" "^3.13.1"

"hexo-fs@^3.0.1", "hexo-fs@^3.1.0":
  "integrity" "sha1-IFL/csaM2ixXeoeqDqeYCuUD+pk="
  "resolved" "https://npm.uino.cn/hexo-fs/-/hexo-fs-3.1.0.tgz"
  "version" "3.1.0"
  dependencies:
    "bluebird" "^3.5.1"
    "chokidar" "^3.0.0"
    "graceful-fs" "^4.1.11"
    "hexo-util" "^2.0.0"

"hexo-generator-archive@^1.0.0":
  "integrity" "sha1-rSr7EiMqZeL4YI/Byj8ZFi+2N4Y="
  "resolved" "https://npm.uino.cn/hexo-generator-archive/-/hexo-generator-archive-1.0.0.tgz"
  "version" "1.0.0"
  dependencies:
    "hexo-pagination" "1.0.0"

"hexo-generator-category@^1.0.0":
  "integrity" "sha1-zSorA+sybaPvgh1uKUCEiMwTLrU="
  "resolved" "https://npm.uino.cn/hexo-generator-category/-/hexo-generator-category-1.0.0.tgz"
  "version" "1.0.0"
  dependencies:
    "hexo-pagination" "1.0.0"

"hexo-generator-index@^2.0.0":
  "integrity" "sha1-FecfTSjunSFy4td+jR26BIgu3I8="
  "resolved" "https://npm.uino.cn/hexo-generator-index/-/hexo-generator-index-2.0.0.tgz"
  "version" "2.0.0"
  dependencies:
    "hexo-pagination" "1.0.0"
    "timsort" "^0.3.0"

"hexo-generator-tag@^1.0.0":
  "integrity" "sha1-VOwj3pQJx1WE6oHjYFelkDGwIvE="
  "resolved" "https://npm.uino.cn/hexo-generator-tag/-/hexo-generator-tag-1.0.0.tgz"
  "version" "1.0.0"
  dependencies:
    "hexo-pagination" "1.0.0"

"hexo-i18n@^1.0.0":
  "integrity" "sha1-eYP7OjE+kGFbhN2PqUanHEie9b0="
  "resolved" "https://npm.uino.cn/hexo-i18n/-/hexo-i18n-1.0.0.tgz"
  "version" "1.0.0"
  dependencies:
    "sprintf-js" "^1.0.3"

"hexo-log@^2.0.0":
  "integrity" "sha1-HcyOlgApsIshmU/ixWxOPWNG6JM="
  "resolved" "https://npm.uino.cn/hexo-log/-/hexo-log-2.0.0.tgz"
  "version" "2.0.0"
  dependencies:
    "chalk" "^4.0.0"

"hexo-log@^3.0.0":
  "integrity" "sha1-u9t16r7zv3rug0AKOWnbBtVTm2E="
  "resolved" "https://npm.uino.cn/hexo-log/-/hexo-log-3.0.0.tgz"
  "version" "3.0.0"
  dependencies:
    "nanocolors" "^0.2.12"

"hexo-pagination@1.0.0":
  "integrity" "sha1-ycDKNmUme56dCon8PtyvMnaQfcE="
  "resolved" "https://npm.uino.cn/hexo-pagination/-/hexo-pagination-1.0.0.tgz"
  "version" "1.0.0"

"hexo-renderer-ejs@^2.0.0":
  "integrity" "sha512-qCjE1IdwgDgv65qyb0KMVCwCdSVAkH0vwAe9XihjvaKWkmb9dtt8DgErOdqCXn0HReSyWiEVP2BrLRj3gyHwOQ=="
  "resolved" "https://npm.uino.cn/hexo-renderer-ejs/-/hexo-renderer-ejs-2.0.0.tgz"
  "version" "2.0.0"
  dependencies:
    "ejs" "^3.1.6"

"hexo-renderer-kramed@^0.1.4":
  "integrity" "sha512-DBiOuWUtmNF52xVc6jCAtOxX1n/K+4a3bizHXyV5yE8c9itASr/nxwGl0CUeZBNOKQu9CvjXYc+qgs/jgDxI7w=="
  "resolved" "https://registry.npmjs.org/hexo-renderer-kramed/-/hexo-renderer-kramed-0.1.4.tgz"
  "version" "0.1.4"
  dependencies:
    "hexo-util" "^0.6.0"
    "kramed" "^0.5.6"
    "object-assign" "^4.1.0"
    "strip-indent" "^1.0.1"

"hexo-renderer-stylus@^2.0.0":
  "integrity" "sha1-xlVm6X6QWKUuRsgrDEXPVh9LlMs="
  "resolved" "https://npm.uino.cn/hexo-renderer-stylus/-/hexo-renderer-stylus-2.0.1.tgz"
  "version" "2.0.1"
  dependencies:
    "nib" "^1.1.2"
    "stylus" "^0.54.8"

"hexo-server@^3.0.0":
  "integrity" "sha512-u4s0ty9Aew6jV+a9oMrXBwhrRpUQ0U8PWM/88a5aHgDru58VY81mVrxOFxs788NAsWQ8OvsJtF5m7mnXoRnSIA=="
  "resolved" "https://npm.uino.cn/hexo-server/-/hexo-server-3.0.0.tgz"
  "version" "3.0.0"
  dependencies:
    "bluebird" "^3.5.5"
    "compression" "^1.7.4"
    "connect" "^3.7.0"
    "mime" "^3.0.0"
    "morgan" "^1.9.1"
    "open" "^8.0.9"
    "picocolors" "^1.0.0"
    "serve-static" "^1.14.1"

"hexo-theme-landscape@^0.0.3":
  "integrity" "sha1-h9H01hPam+UkXa0NS4BHnqtw04Y="
  "resolved" "https://npm.uino.cn/hexo-theme-landscape/-/hexo-theme-landscape-0.0.3.tgz"
  "version" "0.0.3"

"hexo-util@^0.6.0":
  "integrity" "sha512-zPxaqCWZz3/25SAB4FlrRtWktJ+Pr+vBiv/nyHpXKgXPt1m70liViKlRwWLqDmRjJ72x6/k4qCEeXHajvcGHUw=="
  "resolved" "https://registry.npmjs.org/hexo-util/-/hexo-util-0.6.3.tgz"
  "version" "0.6.3"
  dependencies:
    "bluebird" "^3.4.0"
    "camel-case" "^3.0.0"
    "cross-spawn" "^4.0.0"
    "highlight.js" "^9.4.0"
    "html-entities" "^1.2.0"
    "striptags" "^2.1.1"

"hexo-util@^2.0.0", "hexo-util@^2.1.0", "hexo-util@^2.4.0":
  "integrity" "sha512-sLG45foxXMnMgCo3FpP4Sicj5nLD6ezO46+DKP01BWj1CfNq2pYoUdJacfeVbKc+oFtitRcNIGsPNNt3pVbzdg=="
  "resolved" "https://npm.uino.cn/hexo-util/-/hexo-util-2.6.0.tgz"
  "version" "2.6.0"
  dependencies:
    "bluebird" "^3.5.2"
    "camel-case" "^4.0.0"
    "cross-spawn" "^7.0.0"
    "deepmerge" "^4.2.2"
    "highlight.js" "^11.0.1"
    "htmlparser2" "^7.0.0"
    "prismjs" "^1.17.1"
    "strip-indent" "^3.0.0"

"hexo@^6.0.0":
  "integrity" "sha512-ffSOhOEwPCJt2Ch4DdCdX39WBv8IX8I8I7md08RMDYc6jqxmE2mpuU8wzFYEJ/FQVjrt/EsQ/qfKAz3zAW/hvw=="
  "resolved" "https://npm.uino.cn/hexo/-/hexo-6.0.0.tgz"
  "version" "6.0.0"
  dependencies:
    "abbrev" "^1.1.1"
    "archy" "^1.0.0"
    "bluebird" "^3.5.2"
    "hexo-cli" "^4.0.0"
    "hexo-front-matter" "^2.0.0"
    "hexo-fs" "^3.1.0"
    "hexo-i18n" "^1.0.0"
    "hexo-log" "^3.0.0"
    "hexo-util" "^2.4.0"
    "js-yaml" "^4.0.0"
    "micromatch" "^4.0.2"
    "moize" "^6.1.0"
    "moment" "^2.22.2"
    "moment-timezone" "^0.5.21"
    "nunjucks" "^3.2.1"
    "picocolors" "^1.0.0"
    "pretty-hrtime" "^1.0.3"
    "resolve" "^1.8.1"
    "strip-ansi" "^6.0.0"
    "text-table" "^0.2.0"
    "tildify" "^2.0.0"
    "titlecase" "^1.1.2"
    "warehouse" "^4.0.0"

"highlight.js@^11.0.1":
  "integrity" "sha512-nawlpCBCSASs7EdvZOYOYVkJpGmAOKMYZgZtUqSRqodZE0GRVcFKwo1RcpeOemqh9hyttTdd5wDBwHkuSyUfnA=="
  "resolved" "https://npm.uino.cn/highlight.js/-/highlight.js-11.4.0.tgz"
  "version" "11.4.0"

"highlight.js@^9.4.0":
  "integrity" "sha512-a5bFyofd/BHCX52/8i8uJkjr9DYwXIPnM/plwI6W7ezItLGqzt7X2G2nXuYSfsIJdkwwj/g9DG1LkcGJI/dDoA=="
  "resolved" "https://registry.npmjs.org/highlight.js/-/highlight.js-9.18.5.tgz"
  "version" "9.18.5"

"html-entities@^1.2.0":
  "integrity" "sha512-8nxjcBcd8wovbeKx7h3wTji4e6+rhaVuPNpMqwWgnHh+N9ToqsCs6XztWRBPQ+UtzsoMAdKZtUENoVzU/EMtZA=="
  "resolved" "https://registry.npmjs.org/html-entities/-/html-entities-1.4.0.tgz"
  "version" "1.4.0"

"htmlparser2@^7.0.0":
  "integrity" "sha1-iBfN6ji7wyQ5KpCxmQkI6Bpl9aU="
  "resolved" "https://npm.uino.cn/htmlparser2/-/htmlparser2-7.2.0.tgz"
  "version" "7.2.0"
  dependencies:
    "domelementtype" "^2.0.1"
    "domhandler" "^4.2.2"
    "domutils" "^2.8.0"
    "entities" "^3.0.1"

"http-errors@1.8.1":
  "integrity" "sha1-fD8oV3y8iiBziEVdvWIpXtB71ow="
  "resolved" "https://npm.uino.cn/http-errors/-/http-errors-1.8.1.tgz"
  "version" "1.8.1"
  dependencies:
    "depd" "~1.1.2"
    "inherits" "2.0.4"
    "setprototypeof" "1.2.0"
    "statuses" ">= 1.5.0 < 2"
    "toidentifier" "1.0.1"

"inflight@^1.0.4":
  "integrity" "sha1-Sb1jMdfQLQwJvJEKEHW6gWW1bfk="
  "resolved" "https://npm.uino.cn/inflight/-/inflight-1.0.6.tgz"
  "version" "1.0.6"
  dependencies:
    "once" "^1.3.0"
    "wrappy" "1"

"inherits@^2.0.3", "inherits@2", "inherits@2.0.4":
  "integrity" "sha512-k/vGaX4/Yla3WzyMCvTQOXYeIHvqOKtnqBduzTHpzpQZzAskKMhZ2K+EnBiSM9zGSoIFeMpXKxa4dYeZIQqewQ=="
  "resolved" "https://npm.uino.cn/inherits/-/inherits-2.0.4.tgz"
  "version" "2.0.4"

"is-binary-path@~2.1.0":
  "integrity" "sha512-ZMERYes6pDydyuGidse7OsHxtbI7WVeUEozgR/g7rd0xUimYNlvZRE/K2MgZTjWy725IfelLeVcEM97mmtRGXw=="
  "resolved" "https://npm.uino.cn/is-binary-path/-/is-binary-path-2.1.0.tgz"
  "version" "2.1.0"
  dependencies:
    "binary-extensions" "^2.0.0"

"is-core-module@^2.8.1":
  "integrity" "sha512-SdNCUs284hr40hFTFP6l0IfZ/RSrMXF3qgoRHd3/79unUTvrFO/JoXwkGm+5J/Oe3E/b5GsnG330uUNgRpu1PA=="
  "resolved" "https://npm.uino.cn/is-core-module/-/is-core-module-2.8.1.tgz"
  "version" "2.8.1"
  dependencies:
    "has" "^1.0.3"

"is-docker@^2.0.0", "is-docker@^2.1.1":
  "integrity" "sha1-M+6r4jz+hvFL3kQIoCwM+4U6zao="
  "resolved" "https://npm.uino.cn/is-docker/-/is-docker-2.2.1.tgz"
  "version" "2.2.1"

"is-extglob@^2.1.1":
  "integrity" "sha1-qIwCU1eR8C7TfHahueqXc8gz+MI="
  "resolved" "https://npm.uino.cn/is-extglob/-/is-extglob-2.1.1.tgz"
  "version" "2.1.1"

"is-glob@^4.0.1", "is-glob@~4.0.1":
  "integrity" "sha1-ZPYeQsu7LuwgcanawLKLoeZdUIQ="
  "resolved" "https://npm.uino.cn/is-glob/-/is-glob-4.0.3.tgz"
  "version" "4.0.3"
  dependencies:
    "is-extglob" "^2.1.1"

"is-number@^7.0.0":
  "integrity" "sha512-41Cifkg6e8TylSpdtTpeLVMqvSBEVzTttHvERD741+pnZ8ANv0004MRL43QKPDlK9cGvNp6NZWZUBlbGXYxxng=="
  "resolved" "https://npm.uino.cn/is-number/-/is-number-7.0.0.tgz"
  "version" "7.0.0"

"is-plain-object@^3.0.0":
  "integrity" "sha1-Zi2S0kwKpDAkB7DUXSHyJRyF+Fs="
  "resolved" "https://npm.uino.cn/is-plain-object/-/is-plain-object-3.0.1.tgz"
  "version" "3.0.1"

"is-wsl@^2.2.0":
  "integrity" "sha512-fKzAra0rGJUUBwGBgNkHZuToZcn+TtXHpeCgmkMJMMYx1sQDYaCSyjJBSCa2nH1DGm7s3n1oBnohoVTBaN7Lww=="
  "resolved" "https://npm.uino.cn/is-wsl/-/is-wsl-2.2.0.tgz"
  "version" "2.2.0"
  dependencies:
    "is-docker" "^2.0.0"

"isexe@^2.0.0":
  "integrity" "sha1-6PvzdNxVb/iUehDcsFctYz8s+hA="
  "resolved" "https://npm.uino.cn/isexe/-/isexe-2.0.0.tgz"
  "version" "2.0.0"

"jake@^10.6.1":
  "integrity" "sha1-68nehVgWCmbYLQ6txqLlj7xQCns="
  "resolved" "https://npm.uino.cn/jake/-/jake-10.8.2.tgz"
  "version" "10.8.2"
  dependencies:
    "async" "0.9.x"
    "chalk" "^2.4.2"
    "filelist" "^1.0.1"
    "minimatch" "^3.0.4"

"js-yaml@^3.13.1":
  "integrity" "sha1-2ugS/bOCX6MGYJqHFzg8UMNqBTc="
  "resolved" "https://npm.uino.cn/js-yaml/-/js-yaml-3.14.1.tgz"
  "version" "3.14.1"
  dependencies:
    "argparse" "^1.0.7"
    "esprima" "^4.0.0"

"js-yaml@^4.0.0":
  "integrity" "sha1-wftl+PUBeQHN0slRhkuhhFihBgI="
  "resolved" "https://npm.uino.cn/js-yaml/-/js-yaml-4.1.0.tgz"
  "version" "4.1.0"
  dependencies:
    "argparse" "^2.0.1"

"jsonparse@^1.2.0":
  "integrity" "sha1-P02uSpH6wxX3EGL4UhzCOfE2YoA="
  "resolved" "https://npm.uino.cn/jsonparse/-/jsonparse-1.3.1.tgz"
  "version" "1.3.1"

"JSONStream@^1.0.7":
  "integrity" "sha512-E+iruNOY8VV9s4JEbe1aNEm6MiszPRr/UfcHMz0TQh1BXSxHK+ASV1R6W4HpjBhSeS+54PIsAMCBmwD06LLsqQ=="
  "resolved" "https://npm.uino.cn/JSONStream/-/JSONStream-1.3.5.tgz"
  "version" "1.3.5"
  dependencies:
    "jsonparse" "^1.2.0"
    "through" ">=2.2.7 <3"

"kramed@^0.5.6":
  "integrity" "sha512-V4qwQAp8HPQPU6Ph9Q4bc+P+nKQWEGlWYLRDkK7n+CPaMi8/VRm9/R710tRmag4whLsnKR91CO9Ras/Rnff9bw=="
  "resolved" "https://registry.npmjs.org/kramed/-/kramed-0.5.6.tgz"
  "version" "0.5.6"

"lower-case@^1.1.1":
  "integrity" "sha512-2Fgx1Ycm599x+WGpIYwJOvsjmXFzTSc34IwDWALRA/8AopUKAVPwfJ+h5+f85BCp0PWmmJcWzEpxOpoXycMpdA=="
  "resolved" "https://registry.npmjs.org/lower-case/-/lower-case-1.1.4.tgz"
  "version" "1.1.4"

"lower-case@^2.0.2":
  "integrity" "sha1-b6I3xj29xKgsoP2ILkci3F5jTig="
  "resolved" "https://npm.uino.cn/lower-case/-/lower-case-2.0.2.tgz"
  "version" "2.0.2"
  dependencies:
    "tslib" "^2.0.3"

"lru-cache@^4.0.1":
  "integrity" "sha512-sWZlbEP2OsHNkXrMl5GYk/jKk70MBng6UU4YI/qGDYbgf6YbP4EvmqISbXCoJiRKs+1bSpFHVgQxvJ17F2li5g=="
  "resolved" "https://registry.npmjs.org/lru-cache/-/lru-cache-4.1.5.tgz"
  "version" "4.1.5"
  dependencies:
    "pseudomap" "^1.0.2"
    "yallist" "^2.1.2"

"micro-memoize@^4.0.9":
  "integrity" "sha1-tEo4yd/77hzvwv0Tm8iUeVImi2I="
  "resolved" "https://npm.uino.cn/micro-memoize/-/micro-memoize-4.0.9.tgz"
  "version" "4.0.9"

"micromatch@^4.0.2":
  "integrity" "sha1-iW1Rnf6dsl/OlM63pQCRm/iB6/k="
  "resolved" "https://npm.uino.cn/micromatch/-/micromatch-4.0.4.tgz"
  "version" "4.0.4"
  dependencies:
    "braces" "^3.0.1"
    "picomatch" "^2.2.3"

"mime-db@>= 1.43.0 < 2":
  "integrity" "sha512-sPU4uV7dYlvtWJxwwxHD0PuihVNiE7TyAbQ5SWxDCB9mUYvOgroQOwYQQOKPJ8CIbE+1ETVlOoK1UC2nU3gYvg=="
  "resolved" "https://npm.uino.cn/mime-db/-/mime-db-1.52.0.tgz"
  "version" "1.52.0"

"mime-db@1.51.0":
  "integrity" "sha1-2f9iRRhZsYNC2WCFDcPPt35j+ww="
  "resolved" "https://npm.uino.cn/mime-db/-/mime-db-1.51.0.tgz"
  "version" "1.51.0"

"mime-types@~2.1.34":
  "integrity" "sha1-WnEvnsFQNRGpRYA2QPr+CdN5PCQ="
  "resolved" "https://npm.uino.cn/mime-types/-/mime-types-2.1.34.tgz"
  "version" "2.1.34"
  dependencies:
    "mime-db" "1.51.0"

"mime@^3.0.0":
  "integrity" "sha1-s3RVDco6DBhEOwyVCmpY8ZMc96c="
  "resolved" "https://npm.uino.cn/mime/-/mime-3.0.0.tgz"
  "version" "3.0.0"

"mime@1.6.0":
  "integrity" "sha512-x0Vn8spI+wuJ1O6S7gnbaQg8Pxh4NNHb7KSINmEWKiPE4RKOplvijn+NkmYmmRgP68mc70j2EbeTFRsrswaQeg=="
  "resolved" "https://npm.uino.cn/mime/-/mime-1.6.0.tgz"
  "version" "1.6.0"

"min-indent@^1.0.0":
  "integrity" "sha512-I9jwMn07Sy/IwOj3zVkVik2JTvgpaykDZEigL6Rx6N9LbMywwUSMtxET+7lVoDLLd3O3IXwJwvuuns8UB/HeAg=="
  "resolved" "https://npm.uino.cn/min-indent/-/min-indent-1.0.1.tgz"
  "version" "1.0.1"

"minimatch@^3.0.2", "minimatch@^3.0.4":
  "integrity" "sha512-J7p63hRiAjw1NDEww1W7i37+ByIrOWO5XQQAzZ3VOcL0PNybwpfmV/N05zFAzwQ9USyEcX6t3UO+K5aqBQOIHw=="
  "resolved" "https://npm.uino.cn/minimatch/-/minimatch-3.1.2.tgz"
  "version" "3.1.2"
  dependencies:
    "brace-expansion" "^1.1.7"

"minimist@^1.2.5":
  "integrity" "sha512-FM9nNUYrRBAELZQT3xeZQ7fmMOBg6nWNmJKTcgsJeaLstP/UODVpGsr5OhXhhXg6f+qtJ8uiZ+PUxkDWcgIXLw=="
  "resolved" "https://npm.uino.cn/minimist/-/minimist-1.2.5.tgz"
  "version" "1.2.5"

"mkdirp@~1.0.4":
  "integrity" "sha512-vVqVZQyf3WLx2Shd0qJ9xuvqgAyKPLAiqITEtqW0oIUjzo3PePDd6fW9iFz30ef7Ysp/oiWqbhszeGWW2T6Gzw=="
  "resolved" "https://npm.uino.cn/mkdirp/-/mkdirp-1.0.4.tgz"
  "version" "1.0.4"

"mkdirp@0.5.x":
  "integrity" "sha512-NKmAlESf6jMGym1++R0Ra7wvhV+wFW63FaSOFPwRahvea0gMUcGUhVeAg/0BC0wiv9ih5NYPB1Wn1UEI1/L+xQ=="
  "resolved" "https://npm.uino.cn/mkdirp/-/mkdirp-0.5.5.tgz"
  "version" "0.5.5"
  dependencies:
    "minimist" "^1.2.5"

"moize@^6.1.0":
  "integrity" "sha512-WrMcM+C2Jy+qyOC/UMhA3BCHGowxV34dhDZnDNfxsREW/8N+33SFjmc23Q61Xv1WUthUA1vYopTitP1sZ5jkeg=="
  "resolved" "https://npm.uino.cn/moize/-/moize-6.1.0.tgz"
  "version" "6.1.0"
  dependencies:
    "fast-equals" "^2.0.1"
    "micro-memoize" "^4.0.9"

"moment-timezone@^0.5.21":
  "integrity" "sha1-p1k490driPFV01BKk0P3UZ2aQFw="
  "resolved" "https://npm.uino.cn/moment-timezone/-/moment-timezone-0.5.34.tgz"
  "version" "0.5.34"
  dependencies:
    "moment" ">= 2.9.0"

"moment@^2.18.0", "moment@^2.22.2", "moment@>= 2.9.0":
  "integrity" "sha1-sr52n6MZQL6e7qZGnAdeNQBvo9M="
  "resolved" "https://npm.uino.cn/moment/-/moment-2.29.1.tgz"
  "version" "2.29.1"

"morgan@^1.9.1":
  "integrity" "sha1-CRd4q8H8R801CYJGU9rh+qtrF9c="
  "resolved" "https://npm.uino.cn/morgan/-/morgan-1.10.0.tgz"
  "version" "1.10.0"
  dependencies:
    "basic-auth" "~2.0.1"
    "debug" "2.6.9"
    "depd" "~2.0.0"
    "on-finished" "~2.3.0"
    "on-headers" "~1.0.2"

"ms@2.0.0":
  "integrity" "sha1-VgiurfwAvmwpAd9fmGF4jeDVl8g="
  "resolved" "https://npm.uino.cn/ms/-/ms-2.0.0.tgz"
  "version" "2.0.0"

"ms@2.1.2":
  "integrity" "sha512-sGkPx+VjMtmA6MX27oA4FBFELFCZZ4S4XqeGOXCv68tT+jb3vk/RyaKWP0PTKyWtmLSM0b+adUTEvbs1PEaH2w=="
  "resolved" "https://npm.uino.cn/ms/-/ms-2.1.2.tgz"
  "version" "2.1.2"

"ms@2.1.3":
  "integrity" "sha1-V0yBOM4dK1hh8LRFedut1gxmFbI="
  "resolved" "https://npm.uino.cn/ms/-/ms-2.1.3.tgz"
  "version" "2.1.3"

"nanocolors@^0.2.12":
  "integrity" "sha1-39HtC/qwXp/lQOtodFJfChaECZs="
  "resolved" "https://npm.uino.cn/nanocolors/-/nanocolors-0.2.13.tgz"
  "version" "0.2.13"

"negotiator@0.6.3":
  "integrity" "sha512-+EUsqGPLsM+j/zdChZjsnX51g4XrHFOIXwfnCVPGlQk/k5giakcKsuxCObBRu6DSm9opw/O6slWbJdghQM4bBg=="
  "resolved" "https://npm.uino.cn/negotiator/-/negotiator-0.6.3.tgz"
  "version" "0.6.3"

"nib@^1.1.2":
  "integrity" "sha1-amnt5AgblcDe+L4CSkyK4MLLtsc="
  "resolved" "https://npm.uino.cn/nib/-/nib-1.1.2.tgz"
  "version" "1.1.2"
  dependencies:
    "stylus" "0.54.5"

"no-case@^2.2.0":
  "integrity" "sha512-rmTZ9kz+f3rCvK2TD1Ue/oZlns7OGoIWP4fc3llxxRXlOkHKoWPPWJOfFYpITabSow43QJbRIoHQXtt10VldyQ=="
  "resolved" "https://registry.npmjs.org/no-case/-/no-case-2.3.2.tgz"
  "version" "2.3.2"
  dependencies:
    "lower-case" "^1.1.1"

"no-case@^3.0.4":
  "integrity" "sha1-02H9XJgA9VhVGoNp/A3NRmK2Ek0="
  "resolved" "https://npm.uino.cn/no-case/-/no-case-3.0.4.tgz"
  "version" "3.0.4"
  dependencies:
    "lower-case" "^2.0.2"
    "tslib" "^2.0.3"

"normalize-path@^3.0.0", "normalize-path@~3.0.0":
  "integrity" "sha512-6eZs5Ls3WtCisHWp9S2GUy8dqkpGi4BVSz3GaqiE6ezub0512ESztXUwUB6C6IKbQkY2Pnb/mD4WYojCRwcwLA=="
  "resolved" "https://npm.uino.cn/normalize-path/-/normalize-path-3.0.0.tgz"
  "version" "3.0.0"

"nunjucks@^3.2.1":
  "integrity" "sha1-GzNhUkcpDpTigmO12FXs52VkijE="
  "resolved" "https://npm.uino.cn/nunjucks/-/nunjucks-3.2.3.tgz"
  "version" "3.2.3"
  dependencies:
    "a-sync-waterfall" "^1.0.0"
    "asap" "^2.0.3"
    "commander" "^5.1.0"

"object-assign@^4.1.0":
  "integrity" "sha512-rJgTQnkUnH1sFw8yT6VSU3zD3sWmu6sZhIseY8VX+GRu3P6F7Fu+JNDoXfklElbLJSnc3FUQHVe4cU5hj+BcUg=="
  "resolved" "https://registry.npmjs.org/object-assign/-/object-assign-4.1.1.tgz"
  "version" "4.1.1"

"on-finished@~2.3.0":
  "integrity" "sha1-IPEzZIGwg811M3mSoWlxqi2QaUc="
  "resolved" "https://npm.uino.cn/on-finished/-/on-finished-2.3.0.tgz"
  "version" "2.3.0"
  dependencies:
    "ee-first" "1.1.1"

"on-headers@~1.0.2":
  "integrity" "sha512-pZAE+FJLoyITytdqK0U5s+FIpjN0JP3OzFi/u8Rx+EV5/W+JTWGXG8xFzevE7AjBfDqHv/8vL8qQsIhHnqRkrA=="
  "resolved" "https://npm.uino.cn/on-headers/-/on-headers-1.0.2.tgz"
  "version" "1.0.2"

"once@^1.3.0":
  "integrity" "sha1-WDsap3WWHUsROsF9nFC6753Xa9E="
  "resolved" "https://npm.uino.cn/once/-/once-1.4.0.tgz"
  "version" "1.4.0"
  dependencies:
    "wrappy" "1"

"open@^8.0.9":
  "integrity" "sha1-NFMhrhj4E4+CVlqRD9xrOejCRPg="
  "resolved" "https://npm.uino.cn/open/-/open-8.4.0.tgz"
  "version" "8.4.0"
  dependencies:
    "define-lazy-prop" "^2.0.0"
    "is-docker" "^2.1.1"
    "is-wsl" "^2.2.0"

"parseurl@~1.3.3":
  "integrity" "sha512-CiyeOxFT/JZyN5m0z9PfXw4SCBJ6Sygz1Dpl0wqjlhDEGGBP1GnsUVEL0p63hoG1fcj3fHynXi9NYO4nWOL+qQ=="
  "resolved" "https://npm.uino.cn/parseurl/-/parseurl-1.3.3.tgz"
  "version" "1.3.3"

"pascal-case@^3.1.2":
  "integrity" "sha1-tI4O8rmOIF58Ha50fQsVCCN2YOs="
  "resolved" "https://npm.uino.cn/pascal-case/-/pascal-case-3.1.2.tgz"
  "version" "3.1.2"
  dependencies:
    "no-case" "^3.0.4"
    "tslib" "^2.0.3"

"path-is-absolute@^1.0.0":
  "integrity" "sha1-F0uSaHNVNP+8es5r9TpanhtcX18="
  "resolved" "https://npm.uino.cn/path-is-absolute/-/path-is-absolute-1.0.1.tgz"
  "version" "1.0.1"

"path-key@^3.1.0":
  "integrity" "sha512-ojmeN0qd+y0jszEtoY48r0Peq5dwMEkIlCOu6Q5f41lfkswXuKtYrhgoTpLnyIcHm24Uhqx+5Tqm2InSwLhE6Q=="
  "resolved" "https://npm.uino.cn/path-key/-/path-key-3.1.1.tgz"
  "version" "3.1.1"

"path-parse@^1.0.7":
  "integrity" "sha1-+8EUtgykKzDZ2vWFjkvWi77bZzU="
  "resolved" "https://npm.uino.cn/path-parse/-/path-parse-1.0.7.tgz"
  "version" "1.0.7"

"picocolors@^1.0.0":
  "integrity" "sha1-y1vcdP8/UYkiNur3nWi8RFZKuBw="
  "resolved" "https://npm.uino.cn/picocolors/-/picocolors-1.0.0.tgz"
  "version" "1.0.0"

"picomatch@^2.0.4", "picomatch@^2.2.1", "picomatch@^2.2.3":
  "integrity" "sha512-JU3teHTNjmE2VCGFzuY8EXzCDVwEqB2a8fsIvwaStHhAWJEeVd1o1QD80CU6+ZdEXXSLbSsuLwJjkCBWqRQUVA=="
  "resolved" "https://npm.uino.cn/picomatch/-/picomatch-2.3.1.tgz"
  "version" "2.3.1"

"pretty-hrtime@^1.0.3":
  "integrity" "sha1-t+PqQkNaTJsnWdmeDyAesZWALuE="
  "resolved" "https://npm.uino.cn/pretty-hrtime/-/pretty-hrtime-1.0.3.tgz"
  "version" "1.0.3"

"prismjs@^1.17.1":
  "integrity" "sha512-t13BGPUlFDR7wRB5kQDG4jjl7XeuH6jbJGt11JHPL96qwsEHNX2+68tFXqc1/k+/jALsbSWJKUOT/hcYAZ5LkA=="
  "resolved" "https://npm.uino.cn/prismjs/-/prismjs-1.27.0.tgz"
  "version" "1.27.0"

"pseudomap@^1.0.2":
  "integrity" "sha512-b/YwNhb8lk1Zz2+bXXpS/LK9OisiZZ1SNsSLxN1x2OXVEhW2Ckr/7mWE5vrC1ZTiJlD9g19jWszTmJsB+oEpFQ=="
  "resolved" "https://registry.npmjs.org/pseudomap/-/pseudomap-1.0.2.tgz"
  "version" "1.0.2"

"range-parser@~1.2.1":
  "integrity" "sha512-Hrgsx+orqoygnmhFbKaHE6c296J+HTAQXoxEF6gNupROmmGJRoyzfG3ccAveqCBrwr/2yxQ5BVd/GTl5agOwSg=="
  "resolved" "https://npm.uino.cn/range-parser/-/range-parser-1.2.1.tgz"
  "version" "1.2.1"

"readdirp@~3.6.0":
  "integrity" "sha1-dKNwvYVxFuJFspzJc0DNQxoCpsc="
  "resolved" "https://npm.uino.cn/readdirp/-/readdirp-3.6.0.tgz"
  "version" "3.6.0"
  dependencies:
    "picomatch" "^2.2.1"

"resolve-url@^0.2.1":
  "integrity" "sha1-LGN/53yJOv0qZj/iGqkIAGjiBSo="
  "resolved" "https://npm.uino.cn/resolve-url/-/resolve-url-0.2.1.tgz"
  "version" "0.2.1"

"resolve@^1.11.0", "resolve@^1.8.1":
  "integrity" "sha512-Hhtrw0nLeSrFQ7phPp4OOcVjLPIeMnRlr5mcnVuMe7M/7eBn98A3hmFRLoFo3DLZkivSYwhRUJTyPyWAk56WLw=="
  "resolved" "https://npm.uino.cn/resolve/-/resolve-1.22.0.tgz"
  "version" "1.22.0"
  dependencies:
    "is-core-module" "^2.8.1"
    "path-parse" "^1.0.7"
    "supports-preserve-symlinks-flag" "^1.0.0"

"rfdc@^1.1.4":
  "integrity" "sha1-0LfEQasnINBdxM8m4ByJYx2doIs="
  "resolved" "https://npm.uino.cn/rfdc/-/rfdc-1.3.0.tgz"
  "version" "1.3.0"

"safe-buffer@5.1.2":
  "integrity" "sha512-Gd2UZBJDkXlY7GbJxfsE8/nvKkUEU1G38c1siN6QP6a9PT9MmHB8GnpscSmMJSoF8LOIrt8ud/wPtojys4G6+g=="
  "resolved" "https://npm.uino.cn/safe-buffer/-/safe-buffer-5.1.2.tgz"
  "version" "5.1.2"

"safer-buffer@^2.1.2":
  "integrity" "sha512-YZo3K82SD7Riyi0E1EQPojLz7kpepnSQI9IyPbHHg1XXXevb5dJI7tpyN2ADxGcQbHG7vcyRHk0cbwqcQriUtg=="
  "resolved" "https://npm.uino.cn/safer-buffer/-/safer-buffer-2.1.2.tgz"
  "version" "2.1.2"

"sax@~1.2.4":
  "integrity" "sha512-NqVDv9TpANUjFm0N8uM5GxL36UgKi9/atZw+x7YFnQ8ckwFGKrl4xX4yWtrey3UJm5nP1kUbnYgLopqWNSRhWw=="
  "resolved" "https://npm.uino.cn/sax/-/sax-1.2.4.tgz"
  "version" "1.2.4"

"sax@0.5.x":
  "integrity" "sha1-1HLbIo6zMcJQaw6MFVJK25OdEsE="
  "resolved" "https://npm.uino.cn/sax/-/sax-0.5.8.tgz"
  "version" "0.5.8"

"semver@^6.3.0":
  "integrity" "sha512-b39TBaTSfV6yBrapU89p5fKekE2m/NwnDocOVruQFS1/veMgdzuPcnOM34M6CwxW8jH/lxEa5rBoDeUwu5HHTw=="
  "resolved" "https://npm.uino.cn/semver/-/semver-6.3.0.tgz"
  "version" "6.3.0"

"send@0.17.2":
  "integrity" "sha512-UJYB6wFSJE3G00nEivR5rgWp8c2xXvJ3OPWPhmuteU0IKj8nKbG3DrjiOmLwpnHGYWAVwA69zmTm++YG0Hmwww=="
  "resolved" "https://npm.uino.cn/send/-/send-0.17.2.tgz"
  "version" "0.17.2"
  dependencies:
    "debug" "2.6.9"
    "depd" "~1.1.2"
    "destroy" "~1.0.4"
    "encodeurl" "~1.0.2"
    "escape-html" "~1.0.3"
    "etag" "~1.8.1"
    "fresh" "0.5.2"
    "http-errors" "1.8.1"
    "mime" "1.6.0"
    "ms" "2.1.3"
    "on-finished" "~2.3.0"
    "range-parser" "~1.2.1"
    "statuses" "~1.5.0"

"serve-static@^1.14.1":
  "integrity" "sha512-+TMNA9AFxUEGuC0z2mevogSnn9MXKb4fa7ngeRMJaaGv8vTwnIEkKi+QGvPt33HSnf8pRS+WGM0EbMtCJLKMBQ=="
  "resolved" "https://npm.uino.cn/serve-static/-/serve-static-1.14.2.tgz"
  "version" "1.14.2"
  dependencies:
    "encodeurl" "~1.0.2"
    "escape-html" "~1.0.3"
    "parseurl" "~1.3.3"
    "send" "0.17.2"

"setprototypeof@1.2.0":
  "integrity" "sha512-E5LDX7Wrp85Kil5bhZv46j8jOeboKq5JMmYM3gVGdGH8xFpPWXUMsNrlODCrkoxMEeNi/XZIwuRvY4XNwYMJpw=="
  "resolved" "https://npm.uino.cn/setprototypeof/-/setprototypeof-1.2.0.tgz"
  "version" "1.2.0"

"shebang-command@^2.0.0":
  "integrity" "sha512-kHxr2zZpYtdmrN1qDjrrX/Z1rR1kG8Dx+gkpK1G4eXmvXswmcE1hTWBWYUzlraYw1/yZp6YuDY77YtvbN0dmDA=="
  "resolved" "https://npm.uino.cn/shebang-command/-/shebang-command-2.0.0.tgz"
  "version" "2.0.0"
  dependencies:
    "shebang-regex" "^3.0.0"

"shebang-regex@^3.0.0":
  "integrity" "sha512-7++dFhtcx3353uBaq8DDR4NuxBetBzC7ZQOhmTQInHEd6bSrXdiEyzCvG07Z44UYdLShWUyXt5M/yhz8ekcb1A=="
  "resolved" "https://npm.uino.cn/shebang-regex/-/shebang-regex-3.0.0.tgz"
  "version" "3.0.0"

"source-map-resolve@^0.5.2":
  "integrity" "sha512-Htz+RnsXWk5+P2slx5Jh3Q66vhQj1Cllm0zvnaY98+NFx+Dv2CF/f5O/t8x+KaNdrdIAsruNzoh/KpialbqAnw=="
  "resolved" "https://npm.uino.cn/source-map-resolve/-/source-map-resolve-0.5.3.tgz"
  "version" "0.5.3"
  dependencies:
    "atob" "^2.1.2"
    "decode-uri-component" "^0.2.0"
    "resolve-url" "^0.2.1"
    "source-map-url" "^0.4.0"
    "urix" "^0.1.0"

"source-map-url@^0.4.0":
  "integrity" "sha1-CvZmBadFpaL5HPG7+KevvCg97FY="
  "resolved" "https://npm.uino.cn/source-map-url/-/source-map-url-0.4.1.tgz"
  "version" "0.4.1"

"source-map@^0.6.1":
  "integrity" "sha512-UjgapumWlbMhkBgzT7Ykc5YXUT46F0iKu8SGXq0bcwP5dz/h0Plj6enJqjz1Zbq2l5WaqYnrVbwWOWMyF3F47g=="
  "resolved" "https://npm.uino.cn/source-map/-/source-map-0.6.1.tgz"
  "version" "0.6.1"

"source-map@^0.7.3":
  "integrity" "sha512-CkCj6giN3S+n9qrYiBTX5gystlENnRW5jZeNLHpe6aue+SrHcG5VYwujhW9s4dY31mEGsxBDrHR6oI69fTXsaQ=="
  "resolved" "https://npm.uino.cn/source-map/-/source-map-0.7.3.tgz"
  "version" "0.7.3"

"source-map@0.1.x":
  "integrity" "sha1-wkvBRspRfBRx9drL4lcbK3+eM0Y="
  "resolved" "https://npm.uino.cn/source-map/-/source-map-0.1.43.tgz"
  "version" "0.1.43"
  dependencies:
    "amdefine" ">=0.0.4"

"sprintf-js@^1.0.3":
  "integrity" "sha512-VE0SOVEHCk7Qc8ulkWw3ntAzXuqf7S2lvwQaDLRnUeIEaKNQJzV6BwmLKhOqT61aGhfUMrXeaBk+oDGCzvhcug=="
  "resolved" "https://npm.uino.cn/sprintf-js/-/sprintf-js-1.1.2.tgz"
  "version" "1.1.2"

"sprintf-js@~1.0.2":
  "integrity" "sha1-BOaSb2YolTVPPdAVIDYzuFcpfiw="
  "resolved" "https://npm.uino.cn/sprintf-js/-/sprintf-js-1.0.3.tgz"
  "version" "1.0.3"

"statuses@>= 1.5.0 < 2", "statuses@~1.5.0":
  "integrity" "sha1-Fhx9rBd2Wf2YEfQ3cfqZOBR4Yow="
  "resolved" "https://npm.uino.cn/statuses/-/statuses-1.5.0.tgz"
  "version" "1.5.0"

"strip-ansi@^6.0.0":
  "integrity" "sha1-nibGPTD1NEPpSJSVshBdN7Z6hdk="
  "resolved" "https://npm.uino.cn/strip-ansi/-/strip-ansi-6.0.1.tgz"
  "version" "6.0.1"
  dependencies:
    "ansi-regex" "^5.0.1"

"strip-indent@^1.0.1":
  "integrity" "sha512-I5iQq6aFMM62fBEAIB/hXzwJD6EEZ0xEGCX2t7oXqaKPIRgt4WruAQ285BISgdkP+HLGWyeGmNJcpIwFeRYRUA=="
  "resolved" "https://registry.npmjs.org/strip-indent/-/strip-indent-1.0.1.tgz"
  "version" "1.0.1"
  dependencies:
    "get-stdin" "^4.0.1"

"strip-indent@^3.0.0":
  "integrity" "sha512-laJTa3Jb+VQpaC6DseHhF7dXVqHTfJPCRDaEbid/drOhgitgYku/letMUqOXFoWV0zIIUbjpdH2t+tYj4bQMRQ=="
  "resolved" "https://npm.uino.cn/strip-indent/-/strip-indent-3.0.0.tgz"
  "version" "3.0.0"
  dependencies:
    "min-indent" "^1.0.0"

"striptags@^2.1.1":
  "integrity" "sha512-vZTvmFP0IYu/zn8MXV6PrLb6VKbd9WGSEnlm4D5RNXS/+zYYlHrSfJgoBw1w56D6RJCr515er3BittRGQqihLA=="
  "resolved" "https://registry.npmjs.org/striptags/-/striptags-2.2.1.tgz"
  "version" "2.2.1"

"stylus@^0.54.8":
  "integrity" "sha1-PaPmWWa8Vnp7BEv+DuzmU+CZ0Uc="
  "resolved" "https://npm.uino.cn/stylus/-/stylus-0.54.8.tgz"
  "version" "0.54.8"
  dependencies:
    "css-parse" "~2.0.0"
    "debug" "~3.1.0"
    "glob" "^7.1.6"
    "mkdirp" "~1.0.4"
    "safer-buffer" "^2.1.2"
    "sax" "~1.2.4"
    "semver" "^6.3.0"
    "source-map" "^0.7.3"

"stylus@0.54.5":
  "integrity" "sha1-QrlWCTHKcJDOhRWnmLqeaqPW3Hk="
  "resolved" "https://npm.uino.cn/stylus/-/stylus-0.54.5.tgz"
  "version" "0.54.5"
  dependencies:
    "css-parse" "1.7.x"
    "debug" "*"
    "glob" "7.0.x"
    "mkdirp" "0.5.x"
    "sax" "0.5.x"
    "source-map" "0.1.x"

"supports-color@^5.3.0":
  "integrity" "sha512-QjVjwdXIt408MIiAqCX4oUKsgU2EqAGzs2Ppkm4aQYbjm+ZEWEcW4SfFNTr4uMNZma0ey4f5lgLrkB0aX0QMow=="
  "resolved" "https://npm.uino.cn/supports-color/-/supports-color-5.5.0.tgz"
  "version" "5.5.0"
  dependencies:
    "has-flag" "^3.0.0"

"supports-color@^7.1.0":
  "integrity" "sha1-G33NyzK4E4gBs+R4umpRyqiWSNo="
  "resolved" "https://npm.uino.cn/supports-color/-/supports-color-7.2.0.tgz"
  "version" "7.2.0"
  dependencies:
    "has-flag" "^4.0.0"

"supports-preserve-symlinks-flag@^1.0.0":
  "integrity" "sha512-ot0WnXS9fgdkgIcePe6RHNk1WA8+muPa6cSjeR3V8K27q9BB1rTE3R1p7Hv0z1ZyAc8s6Vvv8DIyWf681MAt0w=="
  "resolved" "https://npm.uino.cn/supports-preserve-symlinks-flag/-/supports-preserve-symlinks-flag-1.0.0.tgz"
  "version" "1.0.0"

"text-table@^0.2.0":
  "integrity" "sha1-f17oI66AUgfACvLfSoTsP8+lcLQ="
  "resolved" "https://npm.uino.cn/text-table/-/text-table-0.2.0.tgz"
  "version" "0.2.0"

"through@>=2.2.7 <3":
  "integrity" "sha1-DdTJ/6q8NXlgsbckEV1+Doai4fU="
  "resolved" "https://npm.uino.cn/through/-/through-2.3.8.tgz"
  "version" "2.3.8"

"tildify@^2.0.0":
  "integrity" "sha512-Cc+OraorugtXNfs50hU9KS369rFXCfgGLpfCfvlc+Ud5u6VWmUQsOAa9HbTvheQdYnrdJqqv1e5oIqXppMYnSw=="
  "resolved" "https://npm.uino.cn/tildify/-/tildify-2.0.0.tgz"
  "version" "2.0.0"

"timsort@^0.3.0":
  "integrity" "sha1-QFQRqOfmM5/mTbmiNN4R3DHgK9Q="
  "resolved" "https://npm.uino.cn/timsort/-/timsort-0.3.0.tgz"
  "version" "0.3.0"

"titlecase@^1.1.2":
  "integrity" "sha1-/G1l/1grBgJBB2jvGgm3BQYxPcM="
  "resolved" "https://npm.uino.cn/titlecase/-/titlecase-1.1.3.tgz"
  "version" "1.1.3"

"to-regex-range@^5.0.1":
  "integrity" "sha512-65P7iz6X5yEr1cwcgvQxbbIw7Uk3gOy5dIdtZ4rDveLqhrdJP+Li/Hx6tyK0NEb+2GCyneCMJiGqrADCSNk8sQ=="
  "resolved" "https://npm.uino.cn/to-regex-range/-/to-regex-range-5.0.1.tgz"
  "version" "5.0.1"
  dependencies:
    "is-number" "^7.0.0"

"toidentifier@1.0.1":
  "integrity" "sha1-O+NDIaiKgg7RvYDfqjPkefu43TU="
  "resolved" "https://npm.uino.cn/toidentifier/-/toidentifier-1.0.1.tgz"
  "version" "1.0.1"

"tslib@^2.0.3":
  "integrity" "sha1-6KM1rdXOrlGqJh0ypJAVjvBC7wE="
  "resolved" "https://npm.uino.cn/tslib/-/tslib-2.3.1.tgz"
  "version" "2.3.1"

"unpipe@~1.0.0":
  "integrity" "sha1-sr9O6FFKrmFltIF4KdIbLvSZBOw="
  "resolved" "https://npm.uino.cn/unpipe/-/unpipe-1.0.0.tgz"
  "version" "1.0.0"

"upper-case@^1.1.1":
  "integrity" "sha512-WRbjgmYzgXkCV7zNVpy5YgrHgbBv126rMALQQMrmzOVC4GM2waQ9x7xtm8VU+1yF2kWyPzI9zbZ48n4vSxwfSA=="
  "resolved" "https://registry.npmjs.org/upper-case/-/upper-case-1.1.3.tgz"
  "version" "1.1.3"

"urix@^0.1.0":
  "integrity" "sha1-2pN/emLiH+wf0Y1Js1wpNQZ6bHI="
  "resolved" "https://npm.uino.cn/urix/-/urix-0.1.0.tgz"
  "version" "0.1.0"

"utils-merge@1.0.1":
  "integrity" "sha1-n5VxD1CiZ5R7LMwSR0HBAoQn5xM="
  "resolved" "https://npm.uino.cn/utils-merge/-/utils-merge-1.0.1.tgz"
  "version" "1.0.1"

"vary@~1.1.2":
  "integrity" "sha1-IpnwLG3tMNSllhsLn3RSShj2NPw="
  "resolved" "https://npm.uino.cn/vary/-/vary-1.1.2.tgz"
  "version" "1.1.2"

"warehouse@^4.0.0":
  "integrity" "sha1-RYMrxD4f0yO9nTyGsnYUMLoNHns="
  "resolved" "https://npm.uino.cn/warehouse/-/warehouse-4.0.0.tgz"
  "version" "4.0.0"
  dependencies:
    "bluebird" "^3.2.2"
    "cuid" "^2.1.4"
    "graceful-fs" "^4.1.3"
    "is-plain-object" "^3.0.0"
    "JSONStream" "^1.0.7"
    "rfdc" "^1.1.4"

"which@^1.2.9":
  "integrity" "sha512-HxJdYWq1MTIQbJ3nw0cqssHoTNU267KlrDuGZ1WYlxDStUtKUhOaJmh112/TZmHxxUfuJqPXSOm7tDyas0OSIQ=="
  "resolved" "https://registry.npmjs.org/which/-/which-1.3.1.tgz"
  "version" "1.3.1"
  dependencies:
    "isexe" "^2.0.0"

"which@^2.0.1":
  "integrity" "sha512-BLI3Tl1TW3Pvl70l3yq3Y64i+awpwXqsGBYWkkqMtnbXgrMD+yj7rhW0kuEDxzJaYXGjEW5ogapKNMEKNMjibA=="
  "resolved" "https://npm.uino.cn/which/-/which-2.0.2.tgz"
  "version" "2.0.2"
  dependencies:
    "isexe" "^2.0.0"

"wrappy@1":
  "integrity" "sha1-tSQ9jz7BqjXxNkYFvA0QNuMKtp8="
  "resolved" "https://npm.uino.cn/wrappy/-/wrappy-1.0.2.tgz"
  "version" "1.0.2"

"yallist@^2.1.2":
  "integrity" "sha512-ncTzHV7NvsQZkYe1DW7cbDLm0YpzHmZF5r/iyP3ZnQtMiJ+pjzisCiMNI+Sj+xQF5pXhSHxSB3uDbsBTzY/c2A=="
  "resolved" "https://registry.npmjs.org/yallist/-/yallist-2.1.2.tgz"
  "version" "2.1.2"
